# generated by rye
# use `rye lock` or `rye sync` to update this lockfile
#
# last locked with the following flags:
#   pre: false
#   features: []
#   all-features: false
#   with-sources: false
#   generate-hashes: false
#   universal: false

-e file:.
authlib==1.3.2
    # via python-oauth-web-app
black==24.8.0
blinker==1.8.2
    # via flask
certifi==2024.8.30
    # via requests
cffi==1.17.1
    # via cryptography
charset-normalizer==3.4.0
    # via requests
click==8.1.7
    # via black
    # via flask
cryptography==43.0.3
    # via authlib
dnspython==2.6.1
    # via python-oauth-web-app
flask==3.0.3
    # via python-oauth-web-app
gunicorn==23.0.0
    # via python-oauth-web-app
idna==3.10
    # via requests
importlib-metadata==8.5.0
    # via flask
itsdangerous==2.2.0
    # via flask
jinja2==3.1.4
    # via flask
markupsafe==2.1.5
    # via jinja2
    # via werkzeug
mypy==1.13.0
mypy-extensions==1.0.0
    # via black
    # via mypy
packaging==24.2
    # via black
    # via gunicorn
pathspec==0.12.1
    # via black
platformdirs==4.3.6
    # via black
pycparser==2.22
    # via cffi
python-dotenv==1.0.1
    # via flask
    # via python-oauth-web-app
requests==2.32.3
    # via python-oauth-web-app
    # via requests-hardened
requests-hardened==1.0.0b4
    # via python-oauth-web-app
ruff==0.8.0
tomli==2.1.0
    # via black
    # via mypy
typing-extensions==4.12.2
    # via black
    # via mypy
urllib3==2.2.3
    # via requests
werkzeug==3.0.6
    # via flask
zipp==3.20.2
    # via importlib-metadata
